
Microsoft Visual Studio Solution File, Format Version 12.00
# Visual Studio Version 16
VisualStudioVersion = 16.0.30523.141
MinimumVisualStudioVersion = 10.0.40219.1
Project("{FAE04EC0-301F-11D3-BF4B-00C04F79EFBC}") = "Exercise_49-2018", "Exercise_49-2018\Exercise_49-2018.csproj", "{460F264A-EF17-4475-A0D9-64DB352A2E39}"
EndProject
Global
	GlobalSection(SolutionConfigurationPlatforms) = preSolution
		Debug|Any CPU = Debug|Any CPU
		Release|Any CPU = Release|Any CPU
	EndGlobalSection
	GlobalSection(ProjectConfigurationPlatforms) = postSolution
		{460F264A-EF17-4475-A0D9-64DB352A2E39}.Debug|Any CPU.ActiveCfg = Debug|Any CPU
		{460F264A-EF17-4475-A0D9-64DB352A2E39}.Debug|Any CPU.Build.0 = Debug|Any CPU
		{460F264A-EF17-4475-A0D9-64DB352A2E39}.Release|Any CPU.ActiveCfg = Release|Any CPU
		{460F264A-EF17-4475-A0D9-64DB352A2E39}.Release|Any CPU.Build.0 = Release|Any CPU
	EndGlobalSection
	GlobalSection(SolutionProperties) = preSolution
		HideSolutionNode = FALSE
	EndGlobalSection
	GlobalSection(ExtensibilityGlobals) = postSolution
		SolutionGuid = {F28581B8-7E2C-4237-B5A4-10192AF28F90}
	EndGlobalSection
EndGlobal
